// !$*UTF8*$!
{
	archiveVersion = 1;
	classes = {
	};
	objectVersion = 46;
	objects = {

/* Begin PBXBuildFile section */
		0E03FA91189198A200FA5693 /* TWABase.m in Sources */ = {isa = PBXBuildFile; fileRef = 0E4F3053188D97E600D2C5A0 /* TWABase.m */; };
		0E03FA93189198A200FA5693 /* TWAClient.m in Sources */ = {isa = PBXBuildFile; fileRef = 0E4F3057188D98B500D2C5A0 /* TWAClient.m */; };
		0E03FA95189198A200FA5693 /* TWAObject.m in Sources */ = {isa = PBXBuildFile; fileRef = 0E4F305B188D998E00D2C5A0 /* TWAObject.m */; };
		0E03FA97189198A200FA5693 /* TWACollection.m in Sources */ = {isa = PBXBuildFile; fileRef = 0E4F305F188D999A00D2C5A0 /* TWACollection.m */; };
		0E03FA99189198A200FA5693 /* TWAExhibition.m in Sources */ = {isa = PBXBuildFile; fileRef = 0E4F3063188D99AA00D2C5A0 /* TWAExhibition.m */; };
		0E03FA9B189198A200FA5693 /* TWAGeography.m in Sources */ = {isa = PBXBuildFile; fileRef = 0E4F3067188D99BA00D2C5A0 /* TWAGeography.m */; };
		0E03FA9D189198A200FA5693 /* TWAImage.m in Sources */ = {isa = PBXBuildFile; fileRef = 0E4F306B188D99D200D2C5A0 /* TWAImage.m */; };
		0E03FA9F189198A200FA5693 /* TWALocation.m in Sources */ = {isa = PBXBuildFile; fileRef = 0E4F306F188D99DE00D2C5A0 /* TWALocation.m */; };
		0E2883FF18943B340038A8F4 /* TWAObjectRequestOptions.m in Sources */ = {isa = PBXBuildFile; fileRef = 0E2883FE18943B340038A8F4 /* TWAObjectRequestOptions.m */; };
		0E288401189485150038A8F4 /* UIKit.framework in Frameworks */ = {isa = PBXBuildFile; fileRef = 0E288400189485150038A8F4 /* UIKit.framework */; };
		0E2B0BAA1891AA6000FE1759 /* TWARequestOptions.m in Sources */ = {isa = PBXBuildFile; fileRef = 0E2B0BA91891AA6000FE1759 /* TWARequestOptions.m */; };
		0E578654188D8FC500CD846E /* Foundation.framework in Frameworks */ = {isa = PBXBuildFile; fileRef = 0E578653188D8FC500CD846E /* Foundation.framework */; };
		0E578662188D8FC500CD846E /* XCTest.framework in Frameworks */ = {isa = PBXBuildFile; fileRef = 0E578661188D8FC500CD846E /* XCTest.framework */; };
		0E578663188D8FC500CD846E /* Foundation.framework in Frameworks */ = {isa = PBXBuildFile; fileRef = 0E578653188D8FC500CD846E /* Foundation.framework */; };
		0E578665188D8FC500CD846E /* UIKit.framework in Frameworks */ = {isa = PBXBuildFile; fileRef = 0E578664188D8FC500CD846E /* UIKit.framework */; };
		0E578668188D8FC500CD846E /* libWaltersAPI.a in Frameworks */ = {isa = PBXBuildFile; fileRef = 0E578650188D8FC500CD846E /* libWaltersAPI.a */; };
		0E57866E188D8FC500CD846E /* InfoPlist.strings in Resources */ = {isa = PBXBuildFile; fileRef = 0E57866C188D8FC500CD846E /* InfoPlist.strings */; };
		0E8B48D6188F05300084A319 /* TWABase.h in CopyFiles */ = {isa = PBXBuildFile; fileRef = 0E4F3052188D97E600D2C5A0 /* TWABase.h */; };
		0E8B48D8188F05300084A319 /* TWAClient.h in CopyFiles */ = {isa = PBXBuildFile; fileRef = 0E4F3056188D98B500D2C5A0 /* TWAClient.h */; };
		0E8B48DA188F05300084A319 /* TWAObject.h in CopyFiles */ = {isa = PBXBuildFile; fileRef = 0E4F305A188D998E00D2C5A0 /* TWAObject.h */; };
		0E8B48DC188F05300084A319 /* TWACollection.h in CopyFiles */ = {isa = PBXBuildFile; fileRef = 0E4F305E188D999A00D2C5A0 /* TWACollection.h */; };
		0E8B48DE188F05300084A319 /* TWAExhibition.h in CopyFiles */ = {isa = PBXBuildFile; fileRef = 0E4F3062188D99AA00D2C5A0 /* TWAExhibition.h */; };
		0E8B48E0188F05300084A319 /* TWAGeography.h in CopyFiles */ = {isa = PBXBuildFile; fileRef = 0E4F3066188D99BA00D2C5A0 /* TWAGeography.h */; };
		0E8B48E2188F05300084A319 /* TWAImage.h in CopyFiles */ = {isa = PBXBuildFile; fileRef = 0E4F306A188D99D200D2C5A0 /* TWAImage.h */; };
		0E8B48E4188F05300084A319 /* TWALocation.h in CopyFiles */ = {isa = PBXBuildFile; fileRef = 0E4F306E188D99DE00D2C5A0 /* TWALocation.h */; };
		0EEFB668188DCF4600A9D193 /* WaltersAPITests.m in Sources */ = {isa = PBXBuildFile; fileRef = 0E57866F188D8FC500CD846E /* WaltersAPITests.m */; };
		55F67DBC581349AE836249F1 /* libPods.a in Frameworks */ = {isa = PBXBuildFile; fileRef = 0D3479F438464A6CA966470C /* libPods.a */; };
/* End PBXBuildFile section */

/* Begin PBXContainerItemProxy section */
		0E578666188D8FC500CD846E /* PBXContainerItemProxy */ = {
			isa = PBXContainerItemProxy;
			containerPortal = 0E578648188D8FC500CD846E /* Project object */;
			proxyType = 1;
			remoteGlobalIDString = 0E57864F188D8FC500CD846E;
			remoteInfo = WaltersAPI;
		};
/* End PBXContainerItemProxy section */

/* Begin PBXCopyFilesBuildPhase section */
		0E57864E188D8FC500CD846E /* CopyFiles */ = {
			isa = PBXCopyFilesBuildPhase;
			buildActionMask = 12;
			dstPath = "include/$(PRODUCT_NAME)";
			dstSubfolderSpec = 16;
			files = (
				0E8B48D6188F05300084A319 /* TWABase.h in CopyFiles */,
				0E8B48D8188F05300084A319 /* TWAClient.h in CopyFiles */,
				0E8B48DA188F05300084A319 /* TWAObject.h in CopyFiles */,
				0E8B48DC188F05300084A319 /* TWACollection.h in CopyFiles */,
				0E8B48DE188F05300084A319 /* TWAExhibition.h in CopyFiles */,
				0E8B48E0188F05300084A319 /* TWAGeography.h in CopyFiles */,
				0E8B48E2188F05300084A319 /* TWAImage.h in CopyFiles */,
				0E8B48E4188F05300084A319 /* TWALocation.h in CopyFiles */,
			);
			runOnlyForDeploymentPostprocessing = 0;
		};
/* End PBXCopyFilesBuildPhase section */

/* Begin PBXFileReference section */
		0D3479F438464A6CA966470C /* libPods.a */ = {isa = PBXFileReference; explicitFileType = archive.ar; includeInIndex = 0; path = libPods.a; sourceTree = BUILT_PRODUCTS_DIR; };
		0E2883FD18943B340038A8F4 /* TWAObjectRequestOptions.h */ = {isa = PBXFileReference; fileEncoding = 4; lastKnownFileType = sourcecode.c.h; path = TWAObjectRequestOptions.h; sourceTree = "<group>"; };
		0E2883FE18943B340038A8F4 /* TWAObjectRequestOptions.m */ = {isa = PBXFileReference; fileEncoding = 4; lastKnownFileType = sourcecode.c.objc; path = TWAObjectRequestOptions.m; sourceTree = "<group>"; };
		0E288400189485150038A8F4 /* UIKit.framework */ = {isa = PBXFileReference; lastKnownFileType = wrapper.framework; name = UIKit.framework; path = System/Library/Frameworks/UIKit.framework; sourceTree = SDKROOT; };
		0E2B0BA81891AA6000FE1759 /* TWARequestOptions.h */ = {isa = PBXFileReference; fileEncoding = 4; lastKnownFileType = sourcecode.c.h; path = TWARequestOptions.h; sourceTree = "<group>"; };
		0E2B0BA91891AA6000FE1759 /* TWARequestOptions.m */ = {isa = PBXFileReference; fileEncoding = 4; lastKnownFileType = sourcecode.c.objc; path = TWARequestOptions.m; sourceTree = "<group>"; };
		0E2B0BEC1891B57C00FE1759 /* WaltersAPI.podspec */ = {isa = PBXFileReference; fileEncoding = 4; lastKnownFileType = text; path = WaltersAPI.podspec; sourceTree = "<group>"; };
		0E2B0BED1891B61B00FE1759 /* LICENSE */ = {isa = PBXFileReference; fileEncoding = 4; lastKnownFileType = text; path = LICENSE; sourceTree = "<group>"; };
		0E4F3052188D97E600D2C5A0 /* TWABase.h */ = {isa = PBXFileReference; fileEncoding = 4; lastKnownFileType = sourcecode.c.h; path = TWABase.h; sourceTree = "<group>"; };
		0E4F3053188D97E600D2C5A0 /* TWABase.m */ = {isa = PBXFileReference; fileEncoding = 4; lastKnownFileType = sourcecode.c.objc; path = TWABase.m; sourceTree = "<group>"; };
		0E4F3056188D98B500D2C5A0 /* TWAClient.h */ = {isa = PBXFileReference; fileEncoding = 4; lastKnownFileType = sourcecode.c.h; path = TWAClient.h; sourceTree = "<group>"; };
		0E4F3057188D98B500D2C5A0 /* TWAClient.m */ = {isa = PBXFileReference; fileEncoding = 4; lastKnownFileType = sourcecode.c.objc; path = TWAClient.m; sourceTree = "<group>"; };
		0E4F305A188D998E00D2C5A0 /* TWAObject.h */ = {isa = PBXFileReference; fileEncoding = 4; lastKnownFileType = sourcecode.c.h; path = TWAObject.h; sourceTree = "<group>"; };
		0E4F305B188D998E00D2C5A0 /* TWAObject.m */ = {isa = PBXFileReference; fileEncoding = 4; lastKnownFileType = sourcecode.c.objc; path = TWAObject.m; sourceTree = "<group>"; };
		0E4F305E188D999A00D2C5A0 /* TWACollection.h */ = {isa = PBXFileReference; fileEncoding = 4; lastKnownFileType = sourcecode.c.h; path = TWACollection.h; sourceTree = "<group>"; };
		0E4F305F188D999A00D2C5A0 /* TWACollection.m */ = {isa = PBXFileReference; fileEncoding = 4; lastKnownFileType = sourcecode.c.objc; path = TWACollection.m; sourceTree = "<group>"; };
		0E4F3062188D99AA00D2C5A0 /* TWAExhibition.h */ = {isa = PBXFileReference; fileEncoding = 4; lastKnownFileType = sourcecode.c.h; path = TWAExhibition.h; sourceTree = "<group>"; };
		0E4F3063188D99AA00D2C5A0 /* TWAExhibition.m */ = {isa = PBXFileReference; fileEncoding = 4; lastKnownFileType = sourcecode.c.objc; path = TWAExhibition.m; sourceTree = "<group>"; };
		0E4F3066188D99BA00D2C5A0 /* TWAGeography.h */ = {isa = PBXFileReference; fileEncoding = 4; lastKnownFileType = sourcecode.c.h; path = TWAGeography.h; sourceTree = "<group>"; };
		0E4F3067188D99BA00D2C5A0 /* TWAGeography.m */ = {isa = PBXFileReference; fileEncoding = 4; lastKnownFileType = sourcecode.c.objc; path = TWAGeography.m; sourceTree = "<group>"; };
		0E4F306A188D99D200D2C5A0 /* TWAImage.h */ = {isa = PBXFileReference; fileEncoding = 4; lastKnownFileType = sourcecode.c.h; path = TWAImage.h; sourceTree = "<group>"; };
		0E4F306B188D99D200D2C5A0 /* TWAImage.m */ = {isa = PBXFileReference; fileEncoding = 4; lastKnownFileType = sourcecode.c.objc; path = TWAImage.m; sourceTree = "<group>"; };
		0E4F306E188D99DE00D2C5A0 /* TWALocation.h */ = {isa = PBXFileReference; fileEncoding = 4; lastKnownFileType = sourcecode.c.h; path = TWALocation.h; sourceTree = "<group>"; };
		0E4F306F188D99DE00D2C5A0 /* TWALocation.m */ = {isa = PBXFileReference; fileEncoding = 4; lastKnownFileType = sourcecode.c.objc; path = TWALocation.m; sourceTree = "<group>"; };
		0E578650188D8FC500CD846E /* libWaltersAPI.a */ = {isa = PBXFileReference; explicitFileType = archive.ar; includeInIndex = 0; path = libWaltersAPI.a; sourceTree = BUILT_PRODUCTS_DIR; };
		0E578653188D8FC500CD846E /* Foundation.framework */ = {isa = PBXFileReference; lastKnownFileType = wrapper.framework; name = Foundation.framework; path = System/Library/Frameworks/Foundation.framework; sourceTree = SDKROOT; };
		0E578657188D8FC500CD846E /* WaltersAPI-Prefix.pch */ = {isa = PBXFileReference; lastKnownFileType = sourcecode.c.h; path = "WaltersAPI-Prefix.pch"; sourceTree = "<group>"; };
		0E578660188D8FC500CD846E /* WaltersAPITests.xctest */ = {isa = PBXFileReference; explicitFileType = wrapper.cfbundle; includeInIndex = 0; path = WaltersAPITests.xctest; sourceTree = BUILT_PRODUCTS_DIR; };
		0E578661188D8FC500CD846E /* XCTest.framework */ = {isa = PBXFileReference; lastKnownFileType = wrapper.framework; name = XCTest.framework; path = Library/Frameworks/XCTest.framework; sourceTree = DEVELOPER_DIR; };
		0E578664188D8FC500CD846E /* UIKit.framework */ = {isa = PBXFileReference; lastKnownFileType = wrapper.framework; name = UIKit.framework; path = Library/Frameworks/UIKit.framework; sourceTree = DEVELOPER_DIR; };
		0E57866B188D8FC500CD846E /* WaltersAPITests-Info.plist */ = {isa = PBXFileReference; lastKnownFileType = text.plist.xml; path = "WaltersAPITests-Info.plist"; sourceTree = "<group>"; };
		0E57866D188D8FC500CD846E /* en */ = {isa = PBXFileReference; lastKnownFileType = text.plist.strings; name = en; path = en.lproj/InfoPlist.strings; sourceTree = "<group>"; };
		0E57866F188D8FC500CD846E /* WaltersAPITests.m */ = {isa = PBXFileReference; lastKnownFileType = sourcecode.c.objc; path = WaltersAPITests.m; sourceTree = "<group>"; };
		D536EB99AF734D98A1B710D8 /* Pods.xcconfig */ = {isa = PBXFileReference; includeInIndex = 1; lastKnownFileType = text.xcconfig; name = Pods.xcconfig; path = Pods/Pods.xcconfig; sourceTree = "<group>"; };
/* End PBXFileReference section */

/* Begin PBXFrameworksBuildPhase section */
		0E57864D188D8FC500CD846E /* Frameworks */ = {
			isa = PBXFrameworksBuildPhase;
			buildActionMask = 2147483647;
			files = (
				0E288401189485150038A8F4 /* UIKit.framework in Frameworks */,
				0E578654188D8FC500CD846E /* Foundation.framework in Frameworks */,
				55F67DBC581349AE836249F1 /* libPods.a in Frameworks */,
			);
			runOnlyForDeploymentPostprocessing = 0;
		};
		0E57865D188D8FC500CD846E /* Frameworks */ = {
			isa = PBXFrameworksBuildPhase;
			buildActionMask = 2147483647;
			files = (
				0E578662188D8FC500CD846E /* XCTest.framework in Frameworks */,
				0E578668188D8FC500CD846E /* libWaltersAPI.a in Frameworks */,
				0E578665188D8FC500CD846E /* UIKit.framework in Frameworks */,
				0E578663188D8FC500CD846E /* Foundation.framework in Frameworks */,
			);
			runOnlyForDeploymentPostprocessing = 0;
		};
/* End PBXFrameworksBuildPhase section */

/* Begin PBXGroup section */
		0E578647188D8FC500CD846E = {
			isa = PBXGroup;
			children = (
				0E2B0BED1891B61B00FE1759 /* LICENSE */,
				0E2B0BEC1891B57C00FE1759 /* WaltersAPI.podspec */,
				0E578655188D8FC500CD846E /* Classes */,
				0E578669188D8FC500CD846E /* Tests */,
				0E578652188D8FC500CD846E /* Frameworks */,
				0E578651188D8FC500CD846E /* Products */,
				D536EB99AF734D98A1B710D8 /* Pods.xcconfig */,
			);
			sourceTree = "<group>";
			wrapsLines = 0;
		};
		0E578651188D8FC500CD846E /* Products */ = {
			isa = PBXGroup;
			children = (
				0E578650188D8FC500CD846E /* libWaltersAPI.a */,
				0E578660188D8FC500CD846E /* WaltersAPITests.xctest */,
			);
			name = Products;
			sourceTree = "<group>";
		};
		0E578652188D8FC500CD846E /* Frameworks */ = {
			isa = PBXGroup;
			children = (
				0E288400189485150038A8F4 /* UIKit.framework */,
				0E578653188D8FC500CD846E /* Foundation.framework */,
				0E578661188D8FC500CD846E /* XCTest.framework */,
				0E578664188D8FC500CD846E /* UIKit.framework */,
				0D3479F438464A6CA966470C /* libPods.a */,
			);
			name = Frameworks;
			sourceTree = "<group>";
		};
		0E578655188D8FC500CD846E /* Classes */ = {
			isa = PBXGroup;
			children = (
				0E2B0BA81891AA6000FE1759 /* TWARequestOptions.h */,
				0E2B0BA91891AA6000FE1759 /* TWARequestOptions.m */,
				0E578656188D8FC500CD846E /* Supporting Files */,
				0E4F3052188D97E600D2C5A0 /* TWABase.h */,
				0E4F3053188D97E600D2C5A0 /* TWABase.m */,
				0E4F3056188D98B500D2C5A0 /* TWAClient.h */,
				0E4F3057188D98B500D2C5A0 /* TWAClient.m */,
				0E4F305A188D998E00D2C5A0 /* TWAObject.h */,
				0E4F305B188D998E00D2C5A0 /* TWAObject.m */,
				0E4F305E188D999A00D2C5A0 /* TWACollection.h */,
				0E4F305F188D999A00D2C5A0 /* TWACollection.m */,
				0E4F3062188D99AA00D2C5A0 /* TWAExhibition.h */,
				0E4F3063188D99AA00D2C5A0 /* TWAExhibition.m */,
				0E4F3066188D99BA00D2C5A0 /* TWAGeography.h */,
				0E4F3067188D99BA00D2C5A0 /* TWAGeography.m */,
				0E4F306A188D99D200D2C5A0 /* TWAImage.h */,
				0E4F306B188D99D200D2C5A0 /* TWAImage.m */,
				0E4F306E188D99DE00D2C5A0 /* TWALocation.h */,
				0E4F306F188D99DE00D2C5A0 /* TWALocation.m */,
				0E2883FD18943B340038A8F4 /* TWAObjectRequestOptions.h */,
				0E2883FE18943B340038A8F4 /* TWAObjectRequestOptions.m */,
			);
			path = Classes;
			sourceTree = "<group>";
		};
		0E578656188D8FC500CD846E /* Supporting Files */ = {
			isa = PBXGroup;
			children = (
				0E578657188D8FC500CD846E /* WaltersAPI-Prefix.pch */,
			);
			name = "Supporting Files";
			sourceTree = "<group>";
		};
		0E578669188D8FC500CD846E /* Tests */ = {
			isa = PBXGroup;
			children = (
				0E57866F188D8FC500CD846E /* WaltersAPITests.m */,
				0E57866A188D8FC500CD846E /* Supporting Files */,
			);
			path = Tests;
			sourceTree = "<group>";
		};
		0E57866A188D8FC500CD846E /* Supporting Files */ = {
			isa = PBXGroup;
			children = (
				0E57866B188D8FC500CD846E /* WaltersAPITests-Info.plist */,
				0E57866C188D8FC500CD846E /* InfoPlist.strings */,
			);
			name = "Supporting Files";
			sourceTree = "<group>";
		};
/* End PBXGroup section */

/* Begin PBXNativeTarget section */
		0E57864F188D8FC500CD846E /* WaltersAPI */ = {
			isa = PBXNativeTarget;
			buildConfigurationList = 0E578673188D8FC500CD846E /* Build configuration list for PBXNativeTarget "WaltersAPI" */;
			buildPhases = (
				0A6B900E24A6415491A563F7 /* Check Pods Manifest.lock */,
				0E57864C188D8FC500CD846E /* Sources */,
				0E57864D188D8FC500CD846E /* Frameworks */,
				0E57864E188D8FC500CD846E /* CopyFiles */,
				29AB294EC45F44298A259425 /* Copy Pods Resources */,
			);
			buildRules = (
			);
			dependencies = (
			);
			name = WaltersAPI;
			productName = WaltersAPI;
			productReference = 0E578650188D8FC500CD846E /* libWaltersAPI.a */;
			productType = "com.apple.product-type.library.static";
		};
		0E57865F188D8FC500CD846E /* WaltersAPITests */ = {
			isa = PBXNativeTarget;
			buildConfigurationList = 0E578676188D8FC500CD846E /* Build configuration list for PBXNativeTarget "WaltersAPITests" */;
			buildPhases = (
				0E57865C188D8FC500CD846E /* Sources */,
				0E57865D188D8FC500CD846E /* Frameworks */,
				0E57865E188D8FC500CD846E /* Resources */,
			);
			buildRules = (
			);
			dependencies = (
				0E578667188D8FC500CD846E /* PBXTargetDependency */,
			);
			name = WaltersAPITests;
			productName = WaltersAPITests;
			productReference = 0E578660188D8FC500CD846E /* WaltersAPITests.xctest */;
			productType = "com.apple.product-type.bundle.unit-test";
		};
/* End PBXNativeTarget section */

/* Begin PBXProject section */
		0E578648188D8FC500CD846E /* Project object */ = {
			isa = PBXProject;
			attributes = {
				LastUpgradeCheck = 0500;
				ORGANIZATIONNAME = "Back Forty";
			};
			buildConfigurationList = 0E57864B188D8FC500CD846E /* Build configuration list for PBXProject "WaltersAPI" */;
			compatibilityVersion = "Xcode 3.2";
			developmentRegion = English;
			hasScannedForEncodings = 0;
			knownRegions = (
				en,
			);
			mainGroup = 0E578647188D8FC500CD846E;
			productRefGroup = 0E578651188D8FC500CD846E /* Products */;
			projectDirPath = "";
			projectRoot = "";
			targets = (
				0E57864F188D8FC500CD846E /* WaltersAPI */,
				0E57865F188D8FC500CD846E /* WaltersAPITests */,
			);
		};
/* End PBXProject section */

/* Begin PBXResourcesBuildPhase section */
		0E57865E188D8FC500CD846E /* Resources */ = {
			isa = PBXResourcesBuildPhase;
			buildActionMask = 2147483647;
			files = (
				0E57866E188D8FC500CD846E /* InfoPlist.strings in Resources */,
			);
			runOnlyForDeploymentPostprocessing = 0;
		};
/* End PBXResourcesBuildPhase section */

/* Begin PBXShellScriptBuildPhase section */
		0A6B900E24A6415491A563F7 /* Check Pods Manifest.lock */ = {
			isa = PBXShellScriptBuildPhase;
			buildActionMask = 2147483647;
			files = (
			);
			inputPaths = (
			);
			name = "Check Pods Manifest.lock";
			outputPaths = (
			);
			runOnlyForDeploymentPostprocessing = 0;
			shellPath = /bin/sh;
			shellScript = "diff \"${PODS_ROOT}/../Podfile.lock\" \"${PODS_ROOT}/Manifest.lock\" > /dev/null\nif [[ $? != 0 ]] ; then\n    cat << EOM\nerror: The sandbox is not in sync with the Podfile.lock. Run 'pod install' or update your CocoaPods installation.\nEOM\n    exit 1\nfi\n";
			showEnvVarsInLog = 0;
		};
		29AB294EC45F44298A259425 /* Copy Pods Resources */ = {
			isa = PBXShellScriptBuildPhase;
			buildActionMask = 2147483647;
			files = (
			);
			inputPaths = (
			);
			name = "Copy Pods Resources";
			outputPaths = (
			);
			runOnlyForDeploymentPostprocessing = 0;
			shellPath = /bin/sh;
			shellScript = "\"${SRCROOT}/Pods/Pods-resources.sh\"\n";
			showEnvVarsInLog = 0;
		};
/* End PBXShellScriptBuildPhase section */

/* Begin PBXSourcesBuildPhase section */
		0E57864C188D8FC500CD846E /* Sources */ = {
			isa = PBXSourcesBuildPhase;
			buildActionMask = 2147483647;
			files = (
				0E03FA91189198A200FA5693 /* TWABase.m in Sources */,
				0E03FA93189198A200FA5693 /* TWAClient.m in Sources */,
				0E2B0BAA1891AA6000FE1759 /* TWARequestOptions.m in Sources */,
				0E03FA95189198A200FA5693 /* TWAObject.m in Sources */,
				0E2883FF18943B340038A8F4 /* TWAObjectRequestOptions.m in Sources */,
				0E03FA97189198A200FA5693 /* TWACollection.m in Sources */,
				0E03FA99189198A200FA5693 /* TWAExhibition.m in Sources */,
				0E03FA9B189198A200FA5693 /* TWAGeography.m in Sources */,
				0E03FA9D189198A200FA5693 /* TWAImage.m in Sources */,
				0E03FA9F189198A200FA5693 /* TWALocation.m in Sources */,
			);
			runOnlyForDeploymentPostprocessing = 0;
		};
		0E57865C188D8FC500CD846E /* Sources */ = {
			isa = PBXSourcesBuildPhase;
			buildActionMask = 2147483647;
			files = (
				0EEFB668188DCF4600A9D193 /* WaltersAPITests.m in Sources */,
			);
			runOnlyForDeploymentPostprocessing = 0;
		};
/* End PBXSourcesBuildPhase section */

/* Begin PBXTargetDependency section */
		0E578667188D8FC500CD846E /* PBXTargetDependency */ = {
			isa = PBXTargetDependency;
			target = 0E57864F188D8FC500CD846E /* WaltersAPI */;
			targetProxy = 0E578666188D8FC500CD846E /* PBXContainerItemProxy */;
		};
/* End PBXTargetDependency section */

/* Begin PBXVariantGroup section */
		0E57866C188D8FC500CD846E /* InfoPlist.strings */ = {
			isa = PBXVariantGroup;
			children = (
				0E57866D188D8FC500CD846E /* en */,
			);
			name = InfoPlist.strings;
			sourceTree = "<group>";
		};
/* End PBXVariantGroup section */

/* Begin XCBuildConfiguration section */
		0E578671188D8FC500CD846E /* Debug */ = {
			isa = XCBuildConfiguration;
			buildSettings = {
				ALWAYS_SEARCH_USER_PATHS = NO;
				ARCHS = "$(ARCHS_STANDARD_INCLUDING_64_BIT)";
				CLANG_CXX_LANGUAGE_STANDARD = "gnu++0x";
				CLANG_CXX_LIBRARY = "libc++";
				CLANG_ENABLE_MODULES = YES;
				CLANG_ENABLE_OBJC_ARC = YES;
				CLANG_WARN_BOOL_CONVERSION = YES;
				CLANG_WARN_CONSTANT_CONVERSION = YES;
				CLANG_WARN_DIRECT_OBJC_ISA_USAGE = YES_ERROR;
				CLANG_WARN_EMPTY_BODY = YES;
				CLANG_WARN_ENUM_CONVERSION = YES;
				CLANG_WARN_INT_CONVERSION = YES;
				CLANG_WARN_OBJC_ROOT_CLASS = YES_ERROR;
				CLANG_WARN__DUPLICATE_METHOD_MATCH = YES;
				COPY_PHASE_STRIP = NO;
				GCC_C_LANGUAGE_STANDARD = gnu99;
				GCC_DYNAMIC_NO_PIC = NO;
				GCC_OPTIMIZATION_LEVEL = 0;
				GCC_PREPROCESSOR_DEFINITIONS = (
					"DEBUG=1",
					"$(inherited)",
				);
				GCC_SYMBOLS_PRIVATE_EXTERN = NO;
				GCC_WARN_64_TO_32_BIT_CONVERSION = YES;
				GCC_WARN_ABOUT_RETURN_TYPE = YES_ERROR;
				GCC_WARN_UNDECLARED_SELECTOR = YES;
				GCC_WARN_UNINITIALIZED_AUTOS = YES;
				GCC_WARN_UNUSED_FUNCTION = YES;
				GCC_WARN_UNUSED_VARIABLE = YES;
				IPHONEOS_DEPLOYMENT_TARGET = 7.0;
				ONLY_ACTIVE_ARCH = YES;
				SDKROOT = iphoneos;
			};
			name = Debug;
		};
		0E578672188D8FC500CD846E /* Release */ = {
			isa = XCBuildConfiguration;
			buildSettings = {
				ALWAYS_SEARCH_USER_PATHS = NO;
				ARCHS = "$(ARCHS_STANDARD_INCLUDING_64_BIT)";
				CLANG_CXX_LANGUAGE_STANDARD = "gnu++0x";
				CLANG_CXX_LIBRARY = "libc++";
				CLANG_ENABLE_MODULES = YES;
				CLANG_ENABLE_OBJC_ARC = YES;
				CLANG_WARN_BOOL_CONVERSION = YES;
				CLANG_WARN_CONSTANT_CONVERSION = YES;
				CLANG_WARN_DIRECT_OBJC_ISA_USAGE = YES_ERROR;
				CLANG_WARN_EMPTY_BODY = YES;
				CLANG_WARN_ENUM_CONVERSION = YES;
				CLANG_WARN_INT_CONVERSION = YES;
				CLANG_WARN_OBJC_ROOT_CLASS = YES_ERROR;
				CLANG_WARN__DUPLICATE_METHOD_MATCH = YES;
				COPY_PHASE_STRIP = YES;
				ENABLE_NS_ASSERTIONS = NO;
				GCC_C_LANGUAGE_STANDARD = gnu99;
				GCC_WARN_64_TO_32_BIT_CONVERSION = YES;
				GCC_WARN_ABOUT_RETURN_TYPE = YES_ERROR;
				GCC_WARN_UNDECLARED_SELECTOR = YES;
				GCC_WARN_UNINITIALIZED_AUTOS = YES;
				GCC_WARN_UNUSED_FUNCTION = YES;
				GCC_WARN_UNUSED_VARIABLE = YES;
				IPHONEOS_DEPLOYMENT_TARGET = 7.0;
				SDKROOT = iphoneos;
				VALIDATE_PRODUCT = YES;
			};
			name = Release;
		};
		0E578674188D8FC500CD846E /* Debug */ = {
			isa = XCBuildConfiguration;
			baseConfigurationReference = D536EB99AF734D98A1B710D8 /* Pods.xcconfig */;
			buildSettings = {
				DSTROOT = /tmp/WaltersAPI.dst;
				GCC_PRECOMPILE_PREFIX_HEADER = YES;
				GCC_PREFIX_HEADER = "Classes/WaltersAPI-Prefix.pch";
				OTHER_LDFLAGS = "-ObjC";
				PRODUCT_NAME = "$(TARGET_NAME)";
				SKIP_INSTALL = YES;
			};
			name = Debug;
		};
		0E578675188D8FC500CD846E /* Release */ = {
			isa = XCBuildConfiguration;
			baseConfigurationReference = D536EB99AF734D98A1B710D8 /* Pods.xcconfig */;
			buildSettings = {
				DSTROOT = /tmp/WaltersAPI.dst;
				GCC_PRECOMPILE_PREFIX_HEADER = YES;
				GCC_PREFIX_HEADER = "Classes/WaltersAPI-Prefix.pch";
				OTHER_LDFLAGS = "-ObjC";
				PRODUCT_NAME = "$(TARGET_NAME)";
				SKIP_INSTALL = YES;
			};
			name = Release;
		};
		0E578677188D8FC500CD846E /* Debug */ = {
			isa = XCBuildConfiguration;
			baseConfigurationReference = D536EB99AF734D98A1B710D8 /* Pods.xcconfig */;
			buildSettings = {
				ARCHS = "$(ARCHS_STANDARD_INCLUDING_64_BIT)";
				FRAMEWORK_SEARCH_PATHS = (
					"$(SDKROOT)/Developer/Library/Frameworks",
					"$(inherited)",
					"$(DEVELOPER_FRAMEWORKS_DIR)",
				);
				GCC_PRECOMPILE_PREFIX_HEADER = YES;
				GCC_PREFIX_HEADER = "Classes/WaltersAPI-Prefix.pch";
				GCC_PREPROCESSOR_DEFINITIONS = (
					"DEBUG=1",
					"$(inherited)",
				);
				HEADER_SEARCH_PATHS = (
					/Applications/Xcode.app/Contents/Developer/Toolchains/XcodeDefault.xctoolchain/usr/include,
					"$(inherited)",
				);
				INFOPLIST_FILE = "Tests/WaltersAPITests-Info.plist";
				PRODUCT_NAME = "$(TARGET_NAME)";
				WRAPPER_EXTENSION = xctest;
			};
			name = Debug;
		};
		0E578678188D8FC500CD846E /* Release */ = {
			isa = XCBuildConfiguration;
			baseConfigurationReference = D536EB99AF734D98A1B710D8 /* Pods.xcconfig */;
			buildSettings = {
				ARCHS = "$(ARCHS_STANDARD_INCLUDING_64_BIT)";
				FRAMEWORK_SEARCH_PATHS = (
					"$(SDKROOT)/Developer/Library/Frameworks",
					"$(inherited)",
					"$(DEVELOPER_FRAMEWORKS_DIR)",
				);
				GCC_PRECOMPILE_PREFIX_HEADER = YES;
				GCC_PREFIX_HEADER = "Classes/WaltersAPI-Prefix.pch";
				HEADER_SEARCH_PATHS = (
					/Applications/Xcode.app/Contents/Developer/Toolchains/XcodeDefault.xctoolchain/usr/include,
					"$(inherited)",
				);
				INFOPLIST_FILE = "Tests/WaltersAPITests-Info.plist";
				PRODUCT_NAME = "$(TARGET_NAME)";
				WRAPPER_EXTENSION = xctest;
			};
			name = Release;
		};
/* End XCBuildConfiguration section */

/* Begin XCConfigurationList section */
		0E57864B188D8FC500CD846E /* Build configuration list for PBXProject "WaltersAPI" */ = {
			isa = XCConfigurationList;
			buildConfigurations = (
				0E578671188D8FC500CD846E /* Debug */,
				0E578672188D8FC500CD846E /* Release */,
			);
			defaultConfigurationIsVisible = 0;
			defaultConfigurationName = Release;
		};
		0E578673188D8FC500CD846E /* Build configuration list for PBXNativeTarget "WaltersAPI" */ = {
			isa = XCConfigurationList;
			buildConfigurations = (
				0E578674188D8FC500CD846E /* Debug */,
				0E578675188D8FC500CD846E /* Release */,
			);
			defaultConfigurationIsVisible = 0;
			defaultConfigurationName = Release;
		};
		0E578676188D8FC500CD846E /* Build configuration list for PBXNativeTarget "WaltersAPITests" */ = {
			isa = XCConfigurationList;
			buildConfigurations = (
				0E578677188D8FC500CD846E /* Debug */,
				0E578678188D8FC500CD846E /* Release */,
			);
			defaultConfigurationIsVisible = 0;
			defaultConfigurationName = Release;
		};
/* End XCConfigurationList section */
	};
	rootObject = 0E578648188D8FC500CD846E /* Project object */;
}
